// !$*UTF8*$!
{
	archiveVersion = 1;
	classes = {
	};
	objectVersion = 48;
	objects = {

/* Begin PBXBuildFile section */
		00C2618B1F183BDD005D98EF /* AppDelegate.swift in Sources */ = {isa = PBXBuildFile; fileRef = 00C2618A1F183BDD005D98EF /* AppDelegate.swift */; };
		00C2618D1F183BDD005D98EF /* ViewController.swift in Sources */ = {isa = PBXBuildFile; fileRef = 00C2618C1F183BDD005D98EF /* ViewController.swift */; };
		00C261901F183BDD005D98EF /* Main.storyboard in Resources */ = {isa = PBXBuildFile; fileRef = 00C2618E1F183BDD005D98EF /* Main.storyboard */; };
		00C261921F183BDD005D98EF /* Assets.xcassets in Resources */ = {isa = PBXBuildFile; fileRef = 00C261911F183BDD005D98EF /* Assets.xcassets */; };
		00C261951F183BDD005D98EF /* LaunchScreen.storyboard in Resources */ = {isa = PBXBuildFile; fileRef = 00C261931F183BDD005D98EF /* LaunchScreen.storyboard */; };
/* End PBXBuildFile section */

/* Begin PBXFileReference section */
		00C261871F183BDD005D98EF /* ProduitCroise.app */ = {isa = PBXFileReference; explicitFileType = wrapper.application; includeInIndex = 0; path = ProduitCroise.app; sourceTree = BUILT_PRODUCTS_DIR; };
		00C2618A1F183BDD005D98EF /* AppDelegate.swift */ = {isa = PBXFileReference; lastKnownFileType = sourcecode.swift; path = AppDelegate.swift; sourceTree = "<group>"; };
		00C2618C1F183BDD005D98EF /* ViewController.swift */ = {isa = PBXFileReference; lastKnownFileType = sourcecode.swift; path = ViewController.swift; sourceTree = "<group>"; };
		00C2618F1F183BDD005D98EF /* Base */ = {isa = PBXFileReference; lastKnownFileType = file.storyboard; name = Base; path = Base.lproj/Main.storyboard; sourceTree = "<group>"; };
		00C261911F183BDD005D98EF /* Assets.xcassets */ = {isa = PBXFileReference; lastKnownFileType = folder.assetcatalog; path = Assets.xcassets; sourceTree = "<group>"; };
		00C261941F183BDD005D98EF /* Base */ = {isa = PBXFileReference; lastKnownFileType = file.storyboard; name = Base; path = Base.lproj/LaunchScreen.storyboard; sourceTree = "<group>"; };
		00C261961F183BDD005D98EF /* Info.plist */ = {isa = PBXFileReference; lastKnownFileType = text.plist.xml; path = Info.plist; sourceTree = "<group>"; };
/* End PBXFileReference section */

/* Begin PBXFrameworksBuildPhase section */
		00C261841F183BDD005D98EF /* Frameworks */ = {
			isa = PBXFrameworksBuildPhase;
			buildActionMask = 2147483647;
			files = (
			);
			runOnlyForDeploymentPostprocessing = 0;
		};
/* End PBXFrameworksBuildPhase section */

/* Begin PBXGroup section */
		00C2617E1F183BDD005D98EF = {
			isa = PBXGroup;
			children = (
				00C261891F183BDD005D98EF /* ProduitCroise */,
				00C261881F183BDD005D98EF /* Products */,
			);
			sourceTree = "<group>";
		};
		00C261881F183BDD005D98EF /* Products */ = {
			isa = PBXGroup;
			children = (
				00C261871F183BDD005D98EF /* ProduitCroise.app */,
			);
			name = Products;
			sourceTree = "<group>";
		};
		00C261891F183BDD005D98EF /* ProduitCroise */ = {
			isa = PBXGroup;
			children = (
				00C2618A1F183BDD005D98EF /* AppDelegate.swift */,
				00C2618C1F183BDD005D98EF /* ViewController.swift */,
				00C2618E1F183BDD005D98EF /* Main.storyboard */,
				00C261911F183BDD005D98EF /* Assets.xcassets */,
				00C261931F183BDD005D98EF /* LaunchScreen.storyboard */,
				00C261961F183BDD005D98EF /* Info.plist */,
			);
			path = ProduitCroise;
			sourceTree = "<group>";
		};
/* End PBXGroup section */

/* Begin PBXNativeTarget section */
		00C261861F183BDD005D98EF /* ProduitCroise */ = {
			isa = PBXNativeTarget;
			buildConfigurationList = 00C261991F183BDD005D98EF /* Build configuration list for PBXNativeTarget "ProduitCroise" */;
			buildPhases = (
				00C261831F183BDD005D98EF /* Sources */,
				00C261841F183BDD005D98EF /* Frameworks */,
				00C261851F183BDD005D98EF /* Resources */,
			);
			buildRules = (
			);
			dependencies = (
			);
			name = ProduitCroise;
			productName = ProduitCroise;
			productReference = 00C261871F183BDD005D98EF /* ProduitCroise.app */;
			productType = "com.apple.product-type.application";
		};
/* End PBXNativeTarget section */

/* Begin PBXProject section */
		00C2617F1F183BDD005D98EF /* Project object */ = {
			isa = PBXProject;
			attributes = {
				LastSwiftUpdateCheck = 0900;
				LastUpgradeCheck = 0900;
				ORGANIZATIONNAME = "Mario Geneau";
				TargetAttributes = {
					00C261861F183BDD005D98EF = {
						CreatedOnToolsVersion = 9.0;
					};
				};
			};
			buildConfigurationList = 00C261821F183BDD005D98EF /* Build configuration list for PBXProject "ProduitCroise" */;
			compatibilityVersion = "Xcode 8.0";
			developmentRegion = en;
			hasScannedForEncodings = 0;
			knownRegions = (
				en,
				Base,
			);
			mainGroup = 00C2617E1F183BDD005D98EF;
			productRefGroup = 00C261881F183BDD005D98EF /* Products */;
			projectDirPath = "";
			projectRoot = "";
			targets = (
				00C261861F183BDD005D98EF /* ProduitCroise */,
			);
		};
/* End PBXProject section */

/* Begin PBXResourcesBuildPhase section */
		00C261851F183BDD005D98EF /* Resources */ = {
			isa = PBXResourcesBuildPhase;
			buildActionMask = 2147483647;
			files = (
				00C261951F183BDD005D98EF /* LaunchScreen.storyboard in Resources */,
				00C261921F183BDD005D98EF /* Assets.xcassets in Resources */,
				00C261901F183BDD005D98EF /* Main.storyboard in Resources */,
			);
			runOnlyForDeploymentPostprocessing = 0;
		};
/* End PBXResourcesBuildPhase section */

/* Begin PBXSourcesBuildPhase section */
		00C261831F183BDD005D98EF /* Sources */ = {
			isa = PBXSourcesBuildPhase;
			buildActionMask = 2147483647;
			files = (
				00C2618D1F183BDD005D98EF /* ViewController.swift in Sources */,
				00C2618B1F183BDD005D98EF /* AppDelegate.swift in Sources */,
			);
			runOnlyForDeploymentPostprocessing = 0;
		};
/* End PBXSourcesBuildPhase section */

/* Begin PBXVariantGroup section */
		00C2618E1F183BDD005D98EF /* Main.storyboard */ = {
			isa = PBXVariantGroup;
			children = (
				00C2618F1F183BDD005D98EF /* Base */,
			);
			name = Main.storyboard;
			sourceTree = "<group>";
		};
		00C261931F183BDD005D98EF /* LaunchScreen.storyboard */ = {
			isa = PBXVariantGroup;
			children = (
				00C261941F183BDD005D98EF /* Base */,
			);
			name = LaunchScreen.storyboard;
			sourceTree = "<group>";
		};
/* End PBXVariantGroup section */

/* Begin XCBuildConfiguration section */
		00C261971F183BDD005D98EF /* Debug */ = {
			isa = XCBuildConfiguration;
			buildSettings = {
				ALWAYS_SEARCH_USER_PATHS = NO;
				CLANG_ANALYZER_NONNULL = YES;
				CLANG_ANALYZER_NUMBER_OBJECT_CONVERSION = YES_AGGRESSIVE;
				CLANG_CXX_LANGUAGE_STANDARD = "gnu++14";
				CLANG_CXX_LIBRARY = "libc++";
				CLANG_ENABLE_MODULES = YES;
				CLANG_ENABLE_OBJC_ARC = YES;
				CLANG_WARN_BLOCK_CAPTURE_AUTORELEASING = YES;
				CLANG_WARN_BOOL_CONVERSION = YES;
				CLANG_WARN_COMMA = YES;
				CLANG_WARN_CONSTANT_CONVERSION = YES;
				CLANG_WARN_DIRECT_OBJC_ISA_USAGE = YES_ERROR;
				CLANG_WARN_DOCUMENTATION_COMMENTS = YES;
				CLANG_WARN_EMPTY_BODY = YES;
				CLANG_WARN_ENUM_CONVERSION = YES;
				CLANG_WARN_INFINITE_RECURSION = YES;
				CLANG_WARN_INT_CONVERSION = YES;
				CLANG_WARN_NON_LITERAL_NULL_CONVERSION = YES;
				CLANG_WARN_OBJC_LITERAL_CONVERSION = YES;
				CLANG_WARN_OBJC_ROOT_CLASS = YES_ERROR;
				CLANG_WARN_RANGE_LOOP_ANALYSIS = YES;
				CLANG_WARN_STRICT_PROTOTYPES = YES;
				CLANG_WARN_SUSPICIOUS_MOVE = YES;
				CLANG_WARN_UNGUARDED_AVAILABILITY = YES_AGGRESSIVE;
				CLANG_WARN_UNREACHABLE_CODE = YES;
				CLANG_WARN__DUPLICATE_METHOD_MATCH = YES;
				CODE_SIGN_IDENTITY = "iPhone Developer";
				COPY_PHASE_STRIP = NO;
				DEBUG_INFORMATION_FORMAT = dwarf;
				ENABLE_STRICT_OBJC_MSGSEND = YES;
				ENABLE_TESTABILITY = YES;
				GCC_C_LANGUAGE_STANDARD = gnu11;
				GCC_DYNAMIC_NO_PIC = NO;
				GCC_NO_COMMON_BLOCKS = YES;
				GCC_OPTIMIZATION_LEVEL = 0;
				GCC_PREPROCESSOR_DEFINITIONS = (
					"DEBUG=1",
					"$(inherited)",
				);
				GCC_WARN_64_TO_32_BIT_CONVERSION = YES;
				GCC_WARN_ABOUT_RETURN_TYPE = YES_ERROR;
				GCC_WARN_UNDECLARED_SELECTOR = YES;
				GCC_WARN_UNINITIALIZED_AUTOS = YES_AGGRESSIVE;
				GCC_WARN_UNUSED_FUNCTION = YES;
				GCC_WARN_UNUSED_VARIABLE = YES;
				IPHONEOS_DEPLOYMENT_TARGET = 11.0;
				MTL_ENABLE_DEBUG_INFO = YES;
				ONLY_ACTIVE_ARCH = YES;
				SDKROOT = iphoneos;
				SWIFT_ACTIVE_COMPILATION_CONDITIONS = DEBUG;
				SWIFT_OPTIMIZATION_LEVEL = "-Onone";
			};
			name = Debug;
		};
		00C261981F183BDD005D98EF /* Release */ = {
			isa = XCBuildConfiguration;
			buildSettings = {
				ALWAYS_SEARCH_USER_PATHS = NO;
				CLANG_ANALYZER_NONNULL = YES;
				CLANG_ANALYZER_NUMBER_OBJECT_CONVERSION = YES_AGGRESSIVE;
				CLANG_CXX_LANGUAGE_STANDARD = "gnu++14";
				CLANG_CXX_LIBRARY = "libc++";
				CLANG_ENABLE_MODULES = YES;
				CLANG_ENABLE_OBJC_ARC = YES;
				CLANG_WARN_BLOCK_CAPTURE_AUTORELEASING = YES;
				CLANG_WARN_BOOL_CONVERSION = YES;
				CLANG_WARN_COMMA = YES;
				CLANG_WARN_CONSTANT_CONVERSION = YES;
				CLANG_WARN_DIRECT_OBJC_ISA_USAGE = YES_ERROR;
				CLANG_WARN_DOCUMENTATION_COMMENTS = YES;
				CLANG_WARN_EMPTY_BODY = YES;
				CLANG_WARN_ENUM_CONVERSION = YES;
				CLANG_WARN_INFINITE_RECURSION = YES;
				CLANG_WARN_INT_CONVERSION = YES;
				CLANG_WARN_NON_LITERAL_NULL_CONVERSION = YES;
				CLANG_WARN_OBJC_LITERAL_CONVERSION = YES;
				CLANG_WARN_OBJC_ROOT_CLASS = YES_ERROR;
				CLANG_WARN_RANGE_LOOP_ANALYSIS = YES;
				CLANG_WARN_STRICT_PROTOTYPES = YES;
				CLANG_WARN_SUSPICIOUS_MOVE = YES;
				CLANG_WARN_UNGUARDED_AVAILABILITY = YES_AGGRESSIVE;
				CLANG_WARN_UNREACHABLE_CODE = YES;
				CLANG_WARN__DUPLICATE_METHOD_MATCH = YES;
				CODE_SIGN_IDENTITY = "iPhone Developer";
				COPY_PHASE_STRIP = NO;
				DEBUG_INFORMATION_FORMAT = "dwarf-with-dsym";
				ENABLE_NS_ASSERTIONS = NO;
				ENABLE_STRICT_OBJC_MSGSEND = YES;
				GCC_C_LANGUAGE_STANDARD = gnu11;
				GCC_NO_COMMON_BLOCKS = YES;
				GCC_WARN_64_TO_32_BIT_CONVERSION = YES;
				GCC_WARN_ABOUT_RETURN_TYPE = YES_ERROR;
				GCC_WARN_UNDECLARED_SELECTOR = YES;
				GCC_WARN_UNINITIALIZED_AUTOS = YES_AGGRESSIVE;
				GCC_WARN_UNUSED_FUNCTION = YES;
				GCC_WARN_UNUSED_VARIABLE = YES;
				IPHONEOS_DEPLOYMENT_TARGET = 11.0;
				MTL_ENABLE_DEBUG_INFO = NO;
				SDKROOT = iphoneos;
				SWIFT_OPTIMIZATION_LEVEL = "-Owholemodule";
				VALIDATE_PRODUCT = YES;
			};
			name = Release;
		};
		00C2619A1F183BDD005D98EF /* Debug */ = {
			isa = XCBuildConfiguration;
			buildSettings = {
				ASSETCATALOG_COMPILER_APPICON_NAME = AppIcon;
				DEVELOPMENT_TEAM = QTZR8E755P;
				INFOPLIST_FILE = ProduitCroise/Info.plist;
				LD_RUNPATH_SEARCH_PATHS = "$(inherited) @executable_path/Frameworks";
				PRODUCT_BUNDLE_IDENTIFIER = com.geneau.ProduitCroise;
				PRODUCT_NAME = "$(TARGET_NAME)";
				SWIFT_VERSION = 4.0;
				TARGETED_DEVICE_FAMILY = "1,2";
			};
			name = Debug;
		};
		00C2619B1F183BDD005D98EF /* Release */ = {
			isa = XCBuildConfiguration;
			buildSettings = {
				ASSETCATALOG_COMPILER_APPICON_NAME = AppIcon;
				DEVELOPMENT_TEAM = QTZR8E755P;
				INFOPLIST_FILE = ProduitCroise/Info.plist;
				LD_RUNPATH_SEARCH_PATHS = "$(inherited) @executable_path/Frameworks";
				PRODUCT_BUNDLE_IDENTIFIER = com.geneau.ProduitCroise;
				PRODUCT_NAME = "$(TARGET_NAME)";
				SWIFT_VERSION = 4.0;
				TARGETED_DEVICE_FAMILY = "1,2";
			};
			name = Release;
		};
/* End XCBuildConfiguration section */

/* Begin XCConfigurationList section */
		00C261821F183BDD005D98EF /* Build configuration list for PBXProject "ProduitCroise" */ = {
			isa = XCConfigurationList;
			buildConfigurations = (
				00C261971F183BDD005D98EF /* Debug */,
				00C261981F183BDD005D98EF /* Release */,
			);
			defaultConfigurationIsVisible = 0;
			defaultConfigurationName = Release;
		};
		00C261991F183BDD005D98EF /* Build configuration list for PBXNativeTarget "ProduitCroise" */ = {
			isa = XCConfigurationList;
			buildConfigurations = (
				00C2619A1F183BDD005D98EF /* Debug */,
				00C2619B1F183BDD005D98EF /* Release */,
			);
			defaultConfigurationIsVisible = 0;
		};
/* End XCConfigurationList section */
	};
	rootObject = 00C2617F1F183BDD005D98EF /* Project object */;
}
